
Microsoft Visual Studio Solution File, Format Version 12.00
# Visual Studio Version 17
VisualStudioVersion = 17.5.33516.290
MinimumVisualStudioVersion = 10.0.40219.1
Project("{FAE04EC0-301F-11D3-BF4B-00C04F79EFBC}") = "SnakeGame", "SnakeGame.csproj", "{345BCB7A-0BB0-410C-95A5-16226C587900}"
EndProject
Global
	GlobalSection(SolutionConfigurationPlatforms) = preSolution
		Debug|Any CPU = Debug|Any CPU
		Release|Any CPU = Release|Any CPU
	EndGlobalSection
	GlobalSection(ProjectConfigurationPlatforms) = postSolution
		{345BCB7A-0BB0-410C-95A5-16226C587900}.Debug|Any CPU.ActiveCfg = Debug|Any CPU
		{345BCB7A-0BB0-410C-95A5-16226C587900}.Debug|Any CPU.Build.0 = Debug|Any CPU
		{345BCB7A-0BB0-410C-95A5-16226C587900}.Release|Any CPU.ActiveCfg = Release|Any CPU
		{345BCB7A-0BB0-410C-95A5-16226C587900}.Release|Any CPU.Build.0 = Release|Any CPU
	EndGlobalSection
	GlobalSection(SolutionProperties) = preSolution
		HideSolutionNode = FALSE
	EndGlobalSection
	GlobalSection(ExtensibilityGlobals) = postSolution
		SolutionGuid = {87CA7D14-1225-4476-AA97-C9724F23B619}
	EndGlobalSection
EndGlobal
